
Microsoft Visual Studio Solution File, Format Version 12.00
# Visual Studio 15
VisualStudioVersion = 15.0.28010.2003
MinimumVisualStudioVersion = 10.0.40219.1
Project("{8BC9CEB8-8B4A-11D0-8D11-00A0C91BC942}") = "Skynet warfare", "Skynet warfare\Skynet warfare.vcxproj", "{20796021-9A7D-4D8F-859F-CFDBB9E1D63A}"
EndProject
Global
	GlobalSection(SolutionConfigurationPlatforms) = preSolution
		Debug|x64 = Debug|x64
		Debug|x86 = Debug|x86
		Release|x64 = Release|x64
		Release|x86 = Release|x86
	EndGlobalSection
	GlobalSection(ProjectConfigurationPlatforms) = postSolution
		{20796021-9A7D-4D8F-859F-CFDBB9E1D63A}.Debug|x64.ActiveCfg = Debug|x64
		{20796021-9A7D-4D8F-859F-CFDBB9E1D63A}.Debug|x64.Build.0 = Debug|x64
		{20796021-9A7D-4D8F-859F-CFDBB9E1D63A}.Debug|x86.ActiveCfg = Debug|Win32
		{20796021-9A7D-4D8F-859F-CFDBB9E1D63A}.Debug|x86.Build.0 = Debug|Win32
		{20796021-9A7D-4D8F-859F-CFDBB9E1D63A}.Release|x64.ActiveCfg = Release|x64
		{20796021-9A7D-4D8F-859F-CFDBB9E1D63A}.Release|x64.Build.0 = Release|x64
		{20796021-9A7D-4D8F-859F-CFDBB9E1D63A}.Release|x86.ActiveCfg = Release|Win32
		{20796021-9A7D-4D8F-859F-CFDBB9E1D63A}.Release|x86.Build.0 = Release|Win32
	EndGlobalSection
	GlobalSection(SolutionProperties) = preSolution
		HideSolutionNode = FALSE
	EndGlobalSection
	GlobalSection(ExtensibilityGlobals) = postSolution
		SolutionGuid = {F5158250-154A-4544-9A04-792B0D806650}
	EndGlobalSection
EndGlobal
